
Microsoft Visual Studio Solution File, Format Version 12.00
# Visual Studio Version 17
VisualStudioVersion = 17.0.0.0
MinimumVisualStudioVersion = 10.0.40219.1
Project("{9A19103F-16F7-4668-BE54-9A1E7A4F7556}") = "NetMQ.ReactiveExtensions", "NetMQ.ReactiveExtensions\NetMQ.ReactiveExtensions.csproj", "{1F0D6712-7390-446F-9DCC-E86480360496}"
EndProject
Project("{9A19103F-16F7-4668-BE54-9A1E7A4F7556}") = "NetMQ.ReactiveExtensions.SamplePublisher", "NetMQ.ReactiveExtensions.SamplePublisher\NetMQ.ReactiveExtensions.SamplePublisher.csproj", "{72BBF61C-B5AC-49C5-B4F6-0EEEB97A98CF}"
EndProject
Project("{9A19103F-16F7-4668-BE54-9A1E7A4F7556}") = "NetMQ.ReactiveExtensions.SampleSubscriber", "NetMQ.ReactiveExtensions.SampleSubscriber\NetMQ.ReactiveExtensions.SampleSubscriber.csproj", "{F8CAD08F-532C-438B-9B7E-218DD6904840}"
EndProject
Project("{9A19103F-16F7-4668-BE54-9A1E7A4F7556}") = "NetMQ.ReactiveExtensions.Tests", "NetMQ.ReactiveExtensions.Tests\NetMQ.ReactiveExtensions.Tests.csproj", "{7D1CAE81-2573-427B-A493-41D02A11EB30}"
EndProject
Global
	GlobalSection(SolutionConfigurationPlatforms) = preSolution
		Debug|Any CPU = Debug|Any CPU
		Release|Any CPU = Release|Any CPU
	EndGlobalSection
	GlobalSection(ProjectConfigurationPlatforms) = postSolution
		{1F0D6712-7390-446F-9DCC-E86480360496}.Debug|Any CPU.ActiveCfg = Debug|Any CPU
		{1F0D6712-7390-446F-9DCC-E86480360496}.Debug|Any CPU.Build.0 = Debug|Any CPU
		{1F0D6712-7390-446F-9DCC-E86480360496}.Release|Any CPU.ActiveCfg = Release|Any CPU
		{1F0D6712-7390-446F-9DCC-E86480360496}.Release|Any CPU.Build.0 = Release|Any CPU
		{72BBF61C-B5AC-49C5-B4F6-0EEEB97A98CF}.Debug|Any CPU.ActiveCfg = Debug|Any CPU
		{72BBF61C-B5AC-49C5-B4F6-0EEEB97A98CF}.Debug|Any CPU.Build.0 = Debug|Any CPU
		{72BBF61C-B5AC-49C5-B4F6-0EEEB97A98CF}.Release|Any CPU.ActiveCfg = Release|Any CPU
		{72BBF61C-B5AC-49C5-B4F6-0EEEB97A98CF}.Release|Any CPU.Build.0 = Release|Any CPU
		{F8CAD08F-532C-438B-9B7E-218DD6904840}.Debug|Any CPU.ActiveCfg = Debug|Any CPU
		{F8CAD08F-532C-438B-9B7E-218DD6904840}.Debug|Any CPU.Build.0 = Debug|Any CPU
		{F8CAD08F-532C-438B-9B7E-218DD6904840}.Release|Any CPU.ActiveCfg = Release|Any CPU
		{F8CAD08F-532C-438B-9B7E-218DD6904840}.Release|Any CPU.Build.0 = Release|Any CPU
		{7D1CAE81-2573-427B-A493-41D02A11EB30}.Debug|Any CPU.ActiveCfg = Debug|Any CPU
		{7D1CAE81-2573-427B-A493-41D02A11EB30}.Debug|Any CPU.Build.0 = Debug|Any CPU
		{7D1CAE81-2573-427B-A493-41D02A11EB30}.Release|Any CPU.ActiveCfg = Release|Any CPU
		{7D1CAE81-2573-427B-A493-41D02A11EB30}.Release|Any CPU.Build.0 = Release|Any CPU
	EndGlobalSection
	GlobalSection(SolutionProperties) = preSolution
		HideSolutionNode = FALSE
	EndGlobalSection
EndGlobal
